// !$*UTF8*$!
{
	archiveVersion = 1;
	classes = {
	};
	objectVersion = 55;
	objects = {

/* Begin PBXBuildFile section */
		8F33738A29AE482500087B60 /* AppDelegate.swift in Sources */ = {isa = PBXBuildFile; fileRef = 8F33738929AE482500087B60 /* AppDelegate.swift */; };
		8F33738C29AE482500087B60 /* SceneDelegate.swift in Sources */ = {isa = PBXBuildFile; fileRef = 8F33738B29AE482500087B60 /* SceneDelegate.swift */; };
		8F33738E29AE482500087B60 /* RMTabBarController.swift in Sources */ = {isa = PBXBuildFile; fileRef = 8F33738D29AE482500087B60 /* RMTabBarController.swift */; };
		8F33739329AE482900087B60 /* Assets.xcassets in Resources */ = {isa = PBXBuildFile; fileRef = 8F33739229AE482900087B60 /* Assets.xcassets */; };
		8F33739629AE482900087B60 /* LaunchScreen.storyboard in Resources */ = {isa = PBXBuildFile; fileRef = 8F33739429AE482900087B60 /* LaunchScreen.storyboard */; };
		8F3373A529AE606300087B60 /* RMLocation.swift in Sources */ = {isa = PBXBuildFile; fileRef = 8F3373A429AE606300087B60 /* RMLocation.swift */; };
		8F3373A729AE610800087B60 /* RMCharacter.swift in Sources */ = {isa = PBXBuildFile; fileRef = 8F3373A629AE610800087B60 /* RMCharacter.swift */; };
		8F3373A929AE612300087B60 /* RMEpisode.swift in Sources */ = {isa = PBXBuildFile; fileRef = 8F3373A829AE612300087B60 /* RMEpisode.swift */; };
		8F3373AC29AE63CC00087B60 /* RMCharacterViewController.swift in Sources */ = {isa = PBXBuildFile; fileRef = 8F3373AB29AE63CC00087B60 /* RMCharacterViewController.swift */; };
		8F3373AE29AE63E600087B60 /* RMLocationViewController.swift in Sources */ = {isa = PBXBuildFile; fileRef = 8F3373AD29AE63E600087B60 /* RMLocationViewController.swift */; };
		8F3373B029AE640B00087B60 /* RMEpisodeViewController.swift in Sources */ = {isa = PBXBuildFile; fileRef = 8F3373AF29AE640B00087B60 /* RMEpisodeViewController.swift */; };
		8F3373B229AE642C00087B60 /* RMSettingsViewController.swift in Sources */ = {isa = PBXBuildFile; fileRef = 8F3373B129AE642C00087B60 /* RMSettingsViewController.swift */; };
		8F3373B429AE84E700087B60 /* RMService.swift in Sources */ = {isa = PBXBuildFile; fileRef = 8F3373B329AE84E700087B60 /* RMService.swift */; };
		8F3373B629AE851F00087B60 /* RMRequest.swift in Sources */ = {isa = PBXBuildFile; fileRef = 8F3373B529AE851F00087B60 /* RMRequest.swift */; };
		8F3373B829AE867600087B60 /* RMEndpoint.swift in Sources */ = {isa = PBXBuildFile; fileRef = 8F3373B729AE867600087B60 /* RMEndpoint.swift */; };
/* End PBXBuildFile section */

/* Begin PBXFileReference section */
		8F33738629AE482500087B60 /* RickAndMorty.app */ = {isa = PBXFileReference; explicitFileType = wrapper.application; includeInIndex = 0; path = RickAndMorty.app; sourceTree = BUILT_PRODUCTS_DIR; };
		8F33738929AE482500087B60 /* AppDelegate.swift */ = {isa = PBXFileReference; lastKnownFileType = sourcecode.swift; path = AppDelegate.swift; sourceTree = "<group>"; };
		8F33738B29AE482500087B60 /* SceneDelegate.swift */ = {isa = PBXFileReference; lastKnownFileType = sourcecode.swift; path = SceneDelegate.swift; sourceTree = "<group>"; };
		8F33738D29AE482500087B60 /* RMTabBarController.swift */ = {isa = PBXFileReference; lastKnownFileType = sourcecode.swift; path = RMTabBarController.swift; sourceTree = "<group>"; };
		8F33739229AE482900087B60 /* Assets.xcassets */ = {isa = PBXFileReference; lastKnownFileType = folder.assetcatalog; path = Assets.xcassets; sourceTree = "<group>"; };
		8F33739529AE482900087B60 /* Base */ = {isa = PBXFileReference; lastKnownFileType = file.storyboard; name = Base; path = Base.lproj/LaunchScreen.storyboard; sourceTree = "<group>"; };
		8F33739729AE482900087B60 /* Info.plist */ = {isa = PBXFileReference; lastKnownFileType = text.plist.xml; path = Info.plist; sourceTree = "<group>"; };
		8F3373A429AE606300087B60 /* RMLocation.swift */ = {isa = PBXFileReference; lastKnownFileType = sourcecode.swift; path = RMLocation.swift; sourceTree = "<group>"; };
		8F3373A629AE610800087B60 /* RMCharacter.swift */ = {isa = PBXFileReference; lastKnownFileType = sourcecode.swift; path = RMCharacter.swift; sourceTree = "<group>"; };
		8F3373A829AE612300087B60 /* RMEpisode.swift */ = {isa = PBXFileReference; lastKnownFileType = sourcecode.swift; path = RMEpisode.swift; sourceTree = "<group>"; };
		8F3373AB29AE63CC00087B60 /* RMCharacterViewController.swift */ = {isa = PBXFileReference; lastKnownFileType = sourcecode.swift; path = RMCharacterViewController.swift; sourceTree = "<group>"; };
		8F3373AD29AE63E600087B60 /* RMLocationViewController.swift */ = {isa = PBXFileReference; lastKnownFileType = sourcecode.swift; path = RMLocationViewController.swift; sourceTree = "<group>"; };
		8F3373AF29AE640B00087B60 /* RMEpisodeViewController.swift */ = {isa = PBXFileReference; lastKnownFileType = sourcecode.swift; path = RMEpisodeViewController.swift; sourceTree = "<group>"; };
		8F3373B129AE642C00087B60 /* RMSettingsViewController.swift */ = {isa = PBXFileReference; lastKnownFileType = sourcecode.swift; path = RMSettingsViewController.swift; sourceTree = "<group>"; };
		8F3373B329AE84E700087B60 /* RMService.swift */ = {isa = PBXFileReference; lastKnownFileType = sourcecode.swift; path = RMService.swift; sourceTree = "<group>"; };
		8F3373B529AE851F00087B60 /* RMRequest.swift */ = {isa = PBXFileReference; lastKnownFileType = sourcecode.swift; path = RMRequest.swift; sourceTree = "<group>"; };
		8F3373B729AE867600087B60 /* RMEndpoint.swift */ = {isa = PBXFileReference; lastKnownFileType = sourcecode.swift; path = RMEndpoint.swift; sourceTree = "<group>"; };
/* End PBXFileReference section */

/* Begin PBXFrameworksBuildPhase section */
		8F33738329AE482500087B60 /* Frameworks */ = {
			isa = PBXFrameworksBuildPhase;
			buildActionMask = 2147483647;
			files = (
			);
			runOnlyForDeploymentPostprocessing = 0;
		};
/* End PBXFrameworksBuildPhase section */

/* Begin PBXGroup section */
		8F33737D29AE482500087B60 = {
			isa = PBXGroup;
			children = (
				8F33738829AE482500087B60 /* RickAndMorty */,
				8F33738729AE482500087B60 /* Products */,
			);
			sourceTree = "<group>";
		};
		8F33738729AE482500087B60 /* Products */ = {
			isa = PBXGroup;
			children = (
				8F33738629AE482500087B60 /* RickAndMorty.app */,
			);
			name = Products;
			sourceTree = "<group>";
		};
		8F33738829AE482500087B60 /* RickAndMorty */ = {
			isa = PBXGroup;
			children = (
				8F33739D29AE5CA500087B60 /* Resources */,
				8F33739E29AE5CE400087B60 /* Managers */,
				8F33739F29AE5CF900087B60 /* APIClient */,
				8F3373A029AE5D1300087B60 /* ViewModels */,
				8F3373A129AE5D2000087B60 /* Views */,
				8F3373A229AE5D2600087B60 /* Models */,
				8F3373A329AE5D3600087B60 /* Controllers */,
				8F33739729AE482900087B60 /* Info.plist */,
			);
			path = RickAndMorty;
			sourceTree = "<group>";
		};
		8F33739D29AE5CA500087B60 /* Resources */ = {
			isa = PBXGroup;
			children = (
				8F33739229AE482900087B60 /* Assets.xcassets */,
				8F33739429AE482900087B60 /* LaunchScreen.storyboard */,
				8F33738929AE482500087B60 /* AppDelegate.swift */,
				8F33738B29AE482500087B60 /* SceneDelegate.swift */,
			);
			path = Resources;
			sourceTree = "<group>";
		};
		8F33739E29AE5CE400087B60 /* Managers */ = {
			isa = PBXGroup;
			children = (
			);
			path = Managers;
			sourceTree = "<group>";
		};
		8F33739F29AE5CF900087B60 /* APIClient */ = {
			isa = PBXGroup;
			children = (
				8F3373B329AE84E700087B60 /* RMService.swift */,
				8F3373B529AE851F00087B60 /* RMRequest.swift */,
				8F3373B729AE867600087B60 /* RMEndpoint.swift */,
			);
			path = APIClient;
			sourceTree = "<group>";
		};
		8F3373A029AE5D1300087B60 /* ViewModels */ = {
			isa = PBXGroup;
			children = (
			);
			path = ViewModels;
			sourceTree = "<group>";
		};
		8F3373A129AE5D2000087B60 /* Views */ = {
			isa = PBXGroup;
			children = (
			);
			path = Views;
			sourceTree = "<group>";
		};
		8F3373A229AE5D2600087B60 /* Models */ = {
			isa = PBXGroup;
			children = (
				8F3373A429AE606300087B60 /* RMLocation.swift */,
				8F3373A629AE610800087B60 /* RMCharacter.swift */,
				8F3373A829AE612300087B60 /* RMEpisode.swift */,
			);
			path = Models;
			sourceTree = "<group>";
		};
		8F3373A329AE5D3600087B60 /* Controllers */ = {
			isa = PBXGroup;
			children = (
				8F3373AA29AE630800087B60 /* Core */,
			);
			path = Controllers;
			sourceTree = "<group>";
		};
		8F3373AA29AE630800087B60 /* Core */ = {
			isa = PBXGroup;
			children = (
				8F33738D29AE482500087B60 /* RMTabBarController.swift */,
				8F3373AB29AE63CC00087B60 /* RMCharacterViewController.swift */,
				8F3373AD29AE63E600087B60 /* RMLocationViewController.swift */,
				8F3373AF29AE640B00087B60 /* RMEpisodeViewController.swift */,
				8F3373B129AE642C00087B60 /* RMSettingsViewController.swift */,
			);
			path = Core;
			sourceTree = "<group>";
		};
/* End PBXGroup section */

/* Begin PBXNativeTarget section */
		8F33738529AE482500087B60 /* RickAndMorty */ = {
			isa = PBXNativeTarget;
			buildConfigurationList = 8F33739A29AE482900087B60 /* Build configuration list for PBXNativeTarget "RickAndMorty" */;
			buildPhases = (
				8F33738229AE482500087B60 /* Sources */,
				8F33738329AE482500087B60 /* Frameworks */,
				8F33738429AE482500087B60 /* Resources */,
			);
			buildRules = (
			);
			dependencies = (
			);
			name = RickAndMorty;
			productName = RickAndMorty;
			productReference = 8F33738629AE482500087B60 /* RickAndMorty.app */;
			productType = "com.apple.product-type.application";
		};
/* End PBXNativeTarget section */

/* Begin PBXProject section */
		8F33737E29AE482500087B60 /* Project object */ = {
			isa = PBXProject;
			attributes = {
				BuildIndependentTargetsInParallel = 1;
				LastSwiftUpdateCheck = 1340;
				LastUpgradeCheck = 1340;
				TargetAttributes = {
					8F33738529AE482500087B60 = {
						CreatedOnToolsVersion = 13.4.1;
					};
				};
			};
			buildConfigurationList = 8F33738129AE482500087B60 /* Build configuration list for PBXProject "RickAndMorty" */;
			compatibilityVersion = "Xcode 13.0";
			developmentRegion = en;
			hasScannedForEncodings = 0;
			knownRegions = (
				en,
				Base,
			);
			mainGroup = 8F33737D29AE482500087B60;
			productRefGroup = 8F33738729AE482500087B60 /* Products */;
			projectDirPath = "";
			projectRoot = "";
			targets = (
				8F33738529AE482500087B60 /* RickAndMorty */,
			);
		};
/* End PBXProject section */

/* Begin PBXResourcesBuildPhase section */
		8F33738429AE482500087B60 /* Resources */ = {
			isa = PBXResourcesBuildPhase;
			buildActionMask = 2147483647;
			files = (
				8F33739629AE482900087B60 /* LaunchScreen.storyboard in Resources */,
				8F33739329AE482900087B60 /* Assets.xcassets in Resources */,
			);
			runOnlyForDeploymentPostprocessing = 0;
		};
/* End PBXResourcesBuildPhase section */

/* Begin PBXSourcesBuildPhase section */
		8F33738229AE482500087B60 /* Sources */ = {
			isa = PBXSourcesBuildPhase;
			buildActionMask = 2147483647;
			files = (
				8F3373AE29AE63E600087B60 /* RMLocationViewController.swift in Sources */,
				8F3373A929AE612300087B60 /* RMEpisode.swift in Sources */,
				8F33738E29AE482500087B60 /* RMTabBarController.swift in Sources */,
				8F3373B029AE640B00087B60 /* RMEpisodeViewController.swift in Sources */,
				8F33738A29AE482500087B60 /* AppDelegate.swift in Sources */,
				8F33738C29AE482500087B60 /* SceneDelegate.swift in Sources */,
				8F3373B229AE642C00087B60 /* RMSettingsViewController.swift in Sources */,
				8F3373B429AE84E700087B60 /* RMService.swift in Sources */,
				8F3373A529AE606300087B60 /* RMLocation.swift in Sources */,
				8F3373B829AE867600087B60 /* RMEndpoint.swift in Sources */,
				8F3373A729AE610800087B60 /* RMCharacter.swift in Sources */,
				8F3373B629AE851F00087B60 /* RMRequest.swift in Sources */,
				8F3373AC29AE63CC00087B60 /* RMCharacterViewController.swift in Sources */,
			);
			runOnlyForDeploymentPostprocessing = 0;
		};
/* End PBXSourcesBuildPhase section */

/* Begin PBXVariantGroup section */
		8F33739429AE482900087B60 /* LaunchScreen.storyboard */ = {
			isa = PBXVariantGroup;
			children = (
				8F33739529AE482900087B60 /* Base */,
			);
			name = LaunchScreen.storyboard;
			sourceTree = "<group>";
		};
/* End PBXVariantGroup section */

/* Begin XCBuildConfiguration section */
		8F33739829AE482900087B60 /* Debug */ = {
			isa = XCBuildConfiguration;
			buildSettings = {
				ALWAYS_SEARCH_USER_PATHS = NO;
				CLANG_ANALYZER_NONNULL = YES;
				CLANG_ANALYZER_NUMBER_OBJECT_CONVERSION = YES_AGGRESSIVE;
				CLANG_CXX_LANGUAGE_STANDARD = "gnu++17";
				CLANG_ENABLE_MODULES = YES;
				CLANG_ENABLE_OBJC_ARC = YES;
				CLANG_ENABLE_OBJC_WEAK = YES;
				CLANG_WARN_BLOCK_CAPTURE_AUTORELEASING = YES;
				CLANG_WARN_BOOL_CONVERSION = YES;
				CLANG_WARN_COMMA = YES;
				CLANG_WARN_CONSTANT_CONVERSION = YES;
				CLANG_WARN_DEPRECATED_OBJC_IMPLEMENTATIONS = YES;
				CLANG_WARN_DIRECT_OBJC_ISA_USAGE = YES_ERROR;
				CLANG_WARN_DOCUMENTATION_COMMENTS = YES;
				CLANG_WARN_EMPTY_BODY = YES;
				CLANG_WARN_ENUM_CONVERSION = YES;
				CLANG_WARN_INFINITE_RECURSION = YES;
				CLANG_WARN_INT_CONVERSION = YES;
				CLANG_WARN_NON_LITERAL_NULL_CONVERSION = YES;
				CLANG_WARN_OBJC_IMPLICIT_RETAIN_SELF = YES;
				CLANG_WARN_OBJC_LITERAL_CONVERSION = YES;
				CLANG_WARN_OBJC_ROOT_CLASS = YES_ERROR;
				CLANG_WARN_QUOTED_INCLUDE_IN_FRAMEWORK_HEADER = YES;
				CLANG_WARN_RANGE_LOOP_ANALYSIS = YES;
				CLANG_WARN_STRICT_PROTOTYPES = YES;
				CLANG_WARN_SUSPICIOUS_MOVE = YES;
				CLANG_WARN_UNGUARDED_AVAILABILITY = YES_AGGRESSIVE;
				CLANG_WARN_UNREACHABLE_CODE = YES;
				CLANG_WARN__DUPLICATE_METHOD_MATCH = YES;
				COPY_PHASE_STRIP = NO;
				DEBUG_INFORMATION_FORMAT = dwarf;
				ENABLE_STRICT_OBJC_MSGSEND = YES;
				ENABLE_TESTABILITY = YES;
				GCC_C_LANGUAGE_STANDARD = gnu11;
				GCC_DYNAMIC_NO_PIC = NO;
				GCC_NO_COMMON_BLOCKS = YES;
				GCC_OPTIMIZATION_LEVEL = 0;
				GCC_PREPROCESSOR_DEFINITIONS = (
					"DEBUG=1",
					"$(inherited)",
				);
				GCC_WARN_64_TO_32_BIT_CONVERSION = YES;
				GCC_WARN_ABOUT_RETURN_TYPE = YES_ERROR;
				GCC_WARN_UNDECLARED_SELECTOR = YES;
				GCC_WARN_UNINITIALIZED_AUTOS = YES_AGGRESSIVE;
				GCC_WARN_UNUSED_FUNCTION = YES;
				GCC_WARN_UNUSED_VARIABLE = YES;
				IPHONEOS_DEPLOYMENT_TARGET = 15.5;
				MTL_ENABLE_DEBUG_INFO = INCLUDE_SOURCE;
				MTL_FAST_MATH = YES;
				ONLY_ACTIVE_ARCH = YES;
				SDKROOT = iphoneos;
				SWIFT_ACTIVE_COMPILATION_CONDITIONS = DEBUG;
				SWIFT_OPTIMIZATION_LEVEL = "-Onone";
			};
			name = Debug;
		};
		8F33739929AE482900087B60 /* Release */ = {
			isa = XCBuildConfiguration;
			buildSettings = {
				ALWAYS_SEARCH_USER_PATHS = NO;
				CLANG_ANALYZER_NONNULL = YES;
				CLANG_ANALYZER_NUMBER_OBJECT_CONVERSION = YES_AGGRESSIVE;
				CLANG_CXX_LANGUAGE_STANDARD = "gnu++17";
				CLANG_ENABLE_MODULES = YES;
				CLANG_ENABLE_OBJC_ARC = YES;
				CLANG_ENABLE_OBJC_WEAK = YES;
				CLANG_WARN_BLOCK_CAPTURE_AUTORELEASING = YES;
				CLANG_WARN_BOOL_CONVERSION = YES;
				CLANG_WARN_COMMA = YES;
				CLANG_WARN_CONSTANT_CONVERSION = YES;
				CLANG_WARN_DEPRECATED_OBJC_IMPLEMENTATIONS = YES;
				CLANG_WARN_DIRECT_OBJC_ISA_USAGE = YES_ERROR;
				CLANG_WARN_DOCUMENTATION_COMMENTS = YES;
				CLANG_WARN_EMPTY_BODY = YES;
				CLANG_WARN_ENUM_CONVERSION = YES;
				CLANG_WARN_INFINITE_RECURSION = YES;
				CLANG_WARN_INT_CONVERSION = YES;
				CLANG_WARN_NON_LITERAL_NULL_CONVERSION = YES;
				CLANG_WARN_OBJC_IMPLICIT_RETAIN_SELF = YES;
				CLANG_WARN_OBJC_LITERAL_CONVERSION = YES;
				CLANG_WARN_OBJC_ROOT_CLASS = YES_ERROR;
				CLANG_WARN_QUOTED_INCLUDE_IN_FRAMEWORK_HEADER = YES;
				CLANG_WARN_RANGE_LOOP_ANALYSIS = YES;
				CLANG_WARN_STRICT_PROTOTYPES = YES;
				CLANG_WARN_SUSPICIOUS_MOVE = YES;
				CLANG_WARN_UNGUARDED_AVAILABILITY = YES_AGGRESSIVE;
				CLANG_WARN_UNREACHABLE_CODE = YES;
				CLANG_WARN__DUPLICATE_METHOD_MATCH = YES;
				COPY_PHASE_STRIP = NO;
				DEBUG_INFORMATION_FORMAT = "dwarf-with-dsym";
				ENABLE_NS_ASSERTIONS = NO;
				ENABLE_STRICT_OBJC_MSGSEND = YES;
				GCC_C_LANGUAGE_STANDARD = gnu11;
				GCC_NO_COMMON_BLOCKS = YES;
				GCC_WARN_64_TO_32_BIT_CONVERSION = YES;
				GCC_WARN_ABOUT_RETURN_TYPE = YES_ERROR;
				GCC_WARN_UNDECLARED_SELECTOR = YES;
				GCC_WARN_UNINITIALIZED_AUTOS = YES_AGGRESSIVE;
				GCC_WARN_UNUSED_FUNCTION = YES;
				GCC_WARN_UNUSED_VARIABLE = YES;
				IPHONEOS_DEPLOYMENT_TARGET = 15.5;
				MTL_ENABLE_DEBUG_INFO = NO;
				MTL_FAST_MATH = YES;
				SDKROOT = iphoneos;
				SWIFT_COMPILATION_MODE = wholemodule;
				SWIFT_OPTIMIZATION_LEVEL = "-O";
				VALIDATE_PRODUCT = YES;
			};
			name = Release;
		};
		8F33739B29AE482900087B60 /* Debug */ = {
			isa = XCBuildConfiguration;
			buildSettings = {
				ASSETCATALOG_COMPILER_APPICON_NAME = AppIcon;
				ASSETCATALOG_COMPILER_GLOBAL_ACCENT_COLOR_NAME = AccentColor;
				CODE_SIGN_STYLE = Automatic;
				CURRENT_PROJECT_VERSION = 1;
				GENERATE_INFOPLIST_FILE = YES;
				INFOPLIST_FILE = RickAndMorty/Info.plist;
				INFOPLIST_KEY_UIApplicationSupportsIndirectInputEvents = YES;
				INFOPLIST_KEY_UILaunchStoryboardName = LaunchScreen;
				INFOPLIST_KEY_UISupportedInterfaceOrientations_iPad = "UIInterfaceOrientationPortrait UIInterfaceOrientationPortraitUpsideDown UIInterfaceOrientationLandscapeLeft UIInterfaceOrientationLandscapeRight";
				INFOPLIST_KEY_UISupportedInterfaceOrientations_iPhone = "UIInterfaceOrientationPortrait UIInterfaceOrientationLandscapeLeft UIInterfaceOrientationLandscapeRight";
				LD_RUNPATH_SEARCH_PATHS = (
					"$(inherited)",
					"@executable_path/Frameworks",
				);
				MARKETING_VERSION = 1.0;
				PRODUCT_BUNDLE_IDENTIFIER = None.RickAndMorty;
				PRODUCT_NAME = "$(TARGET_NAME)";
				SWIFT_EMIT_LOC_STRINGS = YES;
				SWIFT_VERSION = 5.0;
				TARGETED_DEVICE_FAMILY = "1,2";
			};
			name = Debug;
		};
		8F33739C29AE482900087B60 /* Release */ = {
			isa = XCBuildConfiguration;
			buildSettings = {
				ASSETCATALOG_COMPILER_APPICON_NAME = AppIcon;
				ASSETCATALOG_COMPILER_GLOBAL_ACCENT_COLOR_NAME = AccentColor;
				CODE_SIGN_STYLE = Automatic;
				CURRENT_PROJECT_VERSION = 1;
				GENERATE_INFOPLIST_FILE = YES;
				INFOPLIST_FILE = RickAndMorty/Info.plist;
				INFOPLIST_KEY_UIApplicationSupportsIndirectInputEvents = YES;
				INFOPLIST_KEY_UILaunchStoryboardName = LaunchScreen;
				INFOPLIST_KEY_UISupportedInterfaceOrientations_iPad = "UIInterfaceOrientationPortrait UIInterfaceOrientationPortraitUpsideDown UIInterfaceOrientationLandscapeLeft UIInterfaceOrientationLandscapeRight";
				INFOPLIST_KEY_UISupportedInterfaceOrientations_iPhone = "UIInterfaceOrientationPortrait UIInterfaceOrientationLandscapeLeft UIInterfaceOrientationLandscapeRight";
				LD_RUNPATH_SEARCH_PATHS = (
					"$(inherited)",
					"@executable_path/Frameworks",
				);
				MARKETING_VERSION = 1.0;
				PRODUCT_BUNDLE_IDENTIFIER = None.RickAndMorty;
				PRODUCT_NAME = "$(TARGET_NAME)";
				SWIFT_EMIT_LOC_STRINGS = YES;
				SWIFT_VERSION = 5.0;
				TARGETED_DEVICE_FAMILY = "1,2";
			};
			name = Release;
		};
/* End XCBuildConfiguration section */

/* Begin XCConfigurationList section */
		8F33738129AE482500087B60 /* Build configuration list for PBXProject "RickAndMorty" */ = {
			isa = XCConfigurationList;
			buildConfigurations = (
				8F33739829AE482900087B60 /* Debug */,
				8F33739929AE482900087B60 /* Release */,
			);
			defaultConfigurationIsVisible = 0;
			defaultConfigurationName = Release;
		};
		8F33739A29AE482900087B60 /* Build configuration list for PBXNativeTarget "RickAndMorty" */ = {
			isa = XCConfigurationList;
			buildConfigurations = (
				8F33739B29AE482900087B60 /* Debug */,
				8F33739C29AE482900087B60 /* Release */,
			);
			defaultConfigurationIsVisible = 0;
			defaultConfigurationName = Release;
		};
/* End XCConfigurationList section */
	};
	rootObject = 8F33737E29AE482500087B60 /* Project object */;
}
